// !$*UTF8*$!
{
	archiveVersion = 1;
	classes = {
	};
	objectVersion = 50;
	objects = {

/* Begin PBXBuildFile section */
		359CF7BF22B2790600B1816E /* LLRoleDetailsTableViewController.swift in Sources */ = {isa = PBXBuildFile; fileRef = 359CF7BE22B2790600B1816E /* LLRoleDetailsTableViewController.swift */; };
		359CF7C122B27C9800B1816E /* LLCharacterDetails.swift in Sources */ = {isa = PBXBuildFile; fileRef = 359CF7C022B27C9800B1816E /* LLCharacterDetails.swift */; };
		450B2B9222B0FF080011724C /* AppDelegate.swift in Sources */ = {isa = PBXBuildFile; fileRef = 450B2B9122B0FF080011724C /* AppDelegate.swift */; };
		450B2B9422B0FF080011724C /* ViewController.swift in Sources */ = {isa = PBXBuildFile; fileRef = 450B2B9322B0FF080011724C /* ViewController.swift */; };
		450B2B9722B0FF080011724C /* Main.storyboard in Resources */ = {isa = PBXBuildFile; fileRef = 450B2B9522B0FF080011724C /* Main.storyboard */; };
		450B2B9922B0FF090011724C /* Assets.xcassets in Resources */ = {isa = PBXBuildFile; fileRef = 450B2B9822B0FF090011724C /* Assets.xcassets */; };
		450B2B9C22B0FF090011724C /* LaunchScreen.storyboard in Resources */ = {isa = PBXBuildFile; fileRef = 450B2B9A22B0FF090011724C /* LaunchScreen.storyboard */; };
		450B2BA422B1059C0011724C /* LLGenerationTableViewController.swift in Sources */ = {isa = PBXBuildFile; fileRef = 450B2BA322B1059C0011724C /* LLGenerationTableViewController.swift */; };
		450B2BA622B10BD70011724C /* LLCharacterTableViewController.swift in Sources */ = {isa = PBXBuildFile; fileRef = 450B2BA522B10BD70011724C /* LLCharacterTableViewController.swift */; };
		450B2BA822B10C100011724C /* LLCharacterTableViewCell.swift in Sources */ = {isa = PBXBuildFile; fileRef = 450B2BA722B10C100011724C /* LLCharacterTableViewCell.swift */; };
		45243AFB22B67961004D9AF4 /* SaveTableViewController.swift in Sources */ = {isa = PBXBuildFile; fileRef = 45243AFA22B67961004D9AF4 /* SaveTableViewController.swift */; };
		45243AFD22B679B7004D9AF4 /* SaveTableViewCell.swift in Sources */ = {isa = PBXBuildFile; fileRef = 45243AFC22B679B7004D9AF4 /* SaveTableViewCell.swift */; };
		45714BE522BE2707001F83E5 /* SaveDetailsTableViewController.swift in Sources */ = {isa = PBXBuildFile; fileRef = 45714BE422BE2707001F83E5 /* SaveDetailsTableViewController.swift */; };
		45B9631022B5639A00FDE045 /* TrackDetailsTableViewController.swift in Sources */ = {isa = PBXBuildFile; fileRef = 45B9630F22B5639A00FDE045 /* TrackDetailsTableViewController.swift */; };
		45B9631222B563C600FDE045 /* TrackDetailsTableViewCell.swift in Sources */ = {isa = PBXBuildFile; fileRef = 45B9631122B563C600FDE045 /* TrackDetailsTableViewCell.swift */; };
		45CDD1EB22B524FF0016E351 /* AlbumTableViewController.swift in Sources */ = {isa = PBXBuildFile; fileRef = 45CDD1EA22B524FF0016E351 /* AlbumTableViewController.swift */; };
		45CDD1ED22B527DC0016E351 /* AlbumTableViewCell.swift in Sources */ = {isa = PBXBuildFile; fileRef = 45CDD1EC22B527DC0016E351 /* AlbumTableViewCell.swift */; };
		45CDD1F122B53D3D0016E351 /* AlbumDetailsTableViewController.swift in Sources */ = {isa = PBXBuildFile; fileRef = 45CDD1F022B53D3D0016E351 /* AlbumDetailsTableViewController.swift */; };
		45CDD1F322B53D7B0016E351 /* AlbumDetailsTableViewCell.swift in Sources */ = {isa = PBXBuildFile; fileRef = 45CDD1F222B53D7B0016E351 /* AlbumDetailsTableViewCell.swift */; };
/* End PBXBuildFile section */

/* Begin PBXFileReference section */
		359CF7BE22B2790600B1816E /* LLRoleDetailsTableViewController.swift */ = {isa = PBXFileReference; lastKnownFileType = sourcecode.swift; path = LLRoleDetailsTableViewController.swift; sourceTree = "<group>"; };
		359CF7C022B27C9800B1816E /* LLCharacterDetails.swift */ = {isa = PBXFileReference; lastKnownFileType = sourcecode.swift; path = LLCharacterDetails.swift; sourceTree = "<group>"; };
		450B2B8E22B0FF080011724C /* finale.app */ = {isa = PBXFileReference; explicitFileType = wrapper.application; includeInIndex = 0; path = finale.app; sourceTree = BUILT_PRODUCTS_DIR; };
		450B2B9122B0FF080011724C /* AppDelegate.swift */ = {isa = PBXFileReference; lastKnownFileType = sourcecode.swift; path = AppDelegate.swift; sourceTree = "<group>"; };
		450B2B9322B0FF080011724C /* ViewController.swift */ = {isa = PBXFileReference; lastKnownFileType = sourcecode.swift; path = ViewController.swift; sourceTree = "<group>"; };
		450B2B9622B0FF080011724C /* Base */ = {isa = PBXFileReference; lastKnownFileType = file.storyboard; name = Base; path = Base.lproj/Main.storyboard; sourceTree = "<group>"; };
		450B2B9822B0FF090011724C /* Assets.xcassets */ = {isa = PBXFileReference; lastKnownFileType = folder.assetcatalog; path = Assets.xcassets; sourceTree = "<group>"; };
		450B2B9B22B0FF090011724C /* Base */ = {isa = PBXFileReference; lastKnownFileType = file.storyboard; name = Base; path = Base.lproj/LaunchScreen.storyboard; sourceTree = "<group>"; };
		450B2B9D22B0FF090011724C /* Info.plist */ = {isa = PBXFileReference; lastKnownFileType = text.plist.xml; path = Info.plist; sourceTree = "<group>"; };
		450B2BA322B1059C0011724C /* LLGenerationTableViewController.swift */ = {isa = PBXFileReference; lastKnownFileType = sourcecode.swift; path = LLGenerationTableViewController.swift; sourceTree = "<group>"; };
		450B2BA522B10BD70011724C /* LLCharacterTableViewController.swift */ = {isa = PBXFileReference; lastKnownFileType = sourcecode.swift; path = LLCharacterTableViewController.swift; sourceTree = "<group>"; };
		450B2BA722B10C100011724C /* LLCharacterTableViewCell.swift */ = {isa = PBXFileReference; lastKnownFileType = sourcecode.swift; path = LLCharacterTableViewCell.swift; sourceTree = "<group>"; };
		45243AFA22B67961004D9AF4 /* SaveTableViewController.swift */ = {isa = PBXFileReference; lastKnownFileType = sourcecode.swift; path = SaveTableViewController.swift; sourceTree = "<group>"; };
		45243AFC22B679B7004D9AF4 /* SaveTableViewCell.swift */ = {isa = PBXFileReference; lastKnownFileType = sourcecode.swift; path = SaveTableViewCell.swift; sourceTree = "<group>"; };
		45714BE422BE2707001F83E5 /* SaveDetailsTableViewController.swift */ = {isa = PBXFileReference; lastKnownFileType = sourcecode.swift; path = SaveDetailsTableViewController.swift; sourceTree = "<group>"; };
		45B9630F22B5639A00FDE045 /* TrackDetailsTableViewController.swift */ = {isa = PBXFileReference; lastKnownFileType = sourcecode.swift; name = TrackDetailsTableViewController.swift; path = finale/TrackDetailsTableViewController.swift; sourceTree = "<group>"; };
		45B9631122B563C600FDE045 /* TrackDetailsTableViewCell.swift */ = {isa = PBXFileReference; lastKnownFileType = sourcecode.swift; name = TrackDetailsTableViewCell.swift; path = finale/TrackDetailsTableViewCell.swift; sourceTree = "<group>"; };
		45CDD1EA22B524FF0016E351 /* AlbumTableViewController.swift */ = {isa = PBXFileReference; lastKnownFileType = sourcecode.swift; path = AlbumTableViewController.swift; sourceTree = "<group>"; };
		45CDD1EC22B527DC0016E351 /* AlbumTableViewCell.swift */ = {isa = PBXFileReference; lastKnownFileType = sourcecode.swift; path = AlbumTableViewCell.swift; sourceTree = "<group>"; };
		45CDD1F022B53D3D0016E351 /* AlbumDetailsTableViewController.swift */ = {isa = PBXFileReference; lastKnownFileType = sourcecode.swift; path = AlbumDetailsTableViewController.swift; sourceTree = "<group>"; };
		45CDD1F222B53D7B0016E351 /* AlbumDetailsTableViewCell.swift */ = {isa = PBXFileReference; lastKnownFileType = sourcecode.swift; path = AlbumDetailsTableViewCell.swift; sourceTree = "<group>"; };
/* End PBXFileReference section */

/* Begin PBXFrameworksBuildPhase section */
		450B2B8B22B0FF080011724C /* Frameworks */ = {
			isa = PBXFrameworksBuildPhase;
			buildActionMask = 2147483647;
			files = (
			);
			runOnlyForDeploymentPostprocessing = 0;
		};
/* End PBXFrameworksBuildPhase section */

/* Begin PBXGroup section */
		450B2B8522B0FF080011724C = {
			isa = PBXGroup;
			children = (
				45B9630F22B5639A00FDE045 /* TrackDetailsTableViewController.swift */,
				45B9631122B563C600FDE045 /* TrackDetailsTableViewCell.swift */,
				450B2B9022B0FF080011724C /* finale */,
				450B2B8F22B0FF080011724C /* Products */,
			);
			sourceTree = "<group>";
		};
		450B2B8F22B0FF080011724C /* Products */ = {
			isa = PBXGroup;
			children = (
				450B2B8E22B0FF080011724C /* finale.app */,
			);
			name = Products;
			sourceTree = "<group>";
		};
		450B2B9022B0FF080011724C /* finale */ = {
			isa = PBXGroup;
			children = (
				450B2B9122B0FF080011724C /* AppDelegate.swift */,
				450B2B9322B0FF080011724C /* ViewController.swift */,
				450B2B9522B0FF080011724C /* Main.storyboard */,
				45714BE422BE2707001F83E5 /* SaveDetailsTableViewController.swift */,
				45CDD1EC22B527DC0016E351 /* AlbumTableViewCell.swift */,
				45CDD1EA22B524FF0016E351 /* AlbumTableViewController.swift */,
				359CF7BE22B2790600B1816E /* LLRoleDetailsTableViewController.swift */,
				359CF7C022B27C9800B1816E /* LLCharacterDetails.swift */,
				45243AFA22B67961004D9AF4 /* SaveTableViewController.swift */,
				45243AFC22B679B7004D9AF4 /* SaveTableViewCell.swift */,
				45CDD1F022B53D3D0016E351 /* AlbumDetailsTableViewController.swift */,
				45CDD1F222B53D7B0016E351 /* AlbumDetailsTableViewCell.swift */,
				450B2BA522B10BD70011724C /* LLCharacterTableViewController.swift */,
				450B2BA722B10C100011724C /* LLCharacterTableViewCell.swift */,
				450B2BA322B1059C0011724C /* LLGenerationTableViewController.swift */,
				450B2B9822B0FF090011724C /* Assets.xcassets */,
				450B2B9A22B0FF090011724C /* LaunchScreen.storyboard */,
				450B2B9D22B0FF090011724C /* Info.plist */,
			);
			path = finale;
			sourceTree = "<group>";
		};
/* End PBXGroup section */

/* Begin PBXNativeTarget section */
		450B2B8D22B0FF080011724C /* finale */ = {
			isa = PBXNativeTarget;
			buildConfigurationList = 450B2BA022B0FF090011724C /* Build configuration list for PBXNativeTarget "finale" */;
			buildPhases = (
				450B2B8A22B0FF080011724C /* Sources */,
				450B2B8B22B0FF080011724C /* Frameworks */,
				450B2B8C22B0FF080011724C /* Resources */,
			);
			buildRules = (
			);
			dependencies = (
			);
			name = finale;
			productName = finale;
			productReference = 450B2B8E22B0FF080011724C /* finale.app */;
			productType = "com.apple.product-type.application";
		};
/* End PBXNativeTarget section */

/* Begin PBXProject section */
		450B2B8622B0FF080011724C /* Project object */ = {
			isa = PBXProject;
			attributes = {
				LastSwiftUpdateCheck = 1020;
				LastUpgradeCheck = 1020;
				ORGANIZATIONNAME = jackliu;
				TargetAttributes = {
					450B2B8D22B0FF080011724C = {
						CreatedOnToolsVersion = 10.2;
					};
				};
			};
			buildConfigurationList = 450B2B8922B0FF080011724C /* Build configuration list for PBXProject "finale" */;
			compatibilityVersion = "Xcode 9.3";
			developmentRegion = en;
			hasScannedForEncodings = 0;
			knownRegions = (
				en,
				Base,
			);
			mainGroup = 450B2B8522B0FF080011724C;
			productRefGroup = 450B2B8F22B0FF080011724C /* Products */;
			projectDirPath = "";
			projectRoot = "";
			targets = (
				450B2B8D22B0FF080011724C /* finale */,
			);
		};
/* End PBXProject section */

/* Begin PBXResourcesBuildPhase section */
		450B2B8C22B0FF080011724C /* Resources */ = {
			isa = PBXResourcesBuildPhase;
			buildActionMask = 2147483647;
			files = (
				450B2B9C22B0FF090011724C /* LaunchScreen.storyboard in Resources */,
				450B2B9922B0FF090011724C /* Assets.xcassets in Resources */,
				450B2B9722B0FF080011724C /* Main.storyboard in Resources */,
			);
			runOnlyForDeploymentPostprocessing = 0;
		};
/* End PBXResourcesBuildPhase section */

/* Begin PBXSourcesBuildPhase section */
		450B2B8A22B0FF080011724C /* Sources */ = {
			isa = PBXSourcesBuildPhase;
			buildActionMask = 2147483647;
			files = (
				45243AFD22B679B7004D9AF4 /* SaveTableViewCell.swift in Sources */,
				450B2B9422B0FF080011724C /* ViewController.swift in Sources */,
				45CDD1F122B53D3D0016E351 /* AlbumDetailsTableViewController.swift in Sources */,
				45CDD1EB22B524FF0016E351 /* AlbumTableViewController.swift in Sources */,
				45CDD1F322B53D7B0016E351 /* AlbumDetailsTableViewCell.swift in Sources */,
				45243AFB22B67961004D9AF4 /* SaveTableViewController.swift in Sources */,
				450B2BA822B10C100011724C /* LLCharacterTableViewCell.swift in Sources */,
				450B2B9222B0FF080011724C /* AppDelegate.swift in Sources */,
				45B9631022B5639A00FDE045 /* TrackDetailsTableViewController.swift in Sources */,
				359CF7C122B27C9800B1816E /* LLCharacterDetails.swift in Sources */,
				45CDD1ED22B527DC0016E351 /* AlbumTableViewCell.swift in Sources */,
				45714BE522BE2707001F83E5 /* SaveDetailsTableViewController.swift in Sources */,
				450B2BA422B1059C0011724C /* LLGenerationTableViewController.swift in Sources */,
				45B9631222B563C600FDE045 /* TrackDetailsTableViewCell.swift in Sources */,
				359CF7BF22B2790600B1816E /* LLRoleDetailsTableViewController.swift in Sources */,
				450B2BA622B10BD70011724C /* LLCharacterTableViewController.swift in Sources */,
			);
			runOnlyForDeploymentPostprocessing = 0;
		};
/* End PBXSourcesBuildPhase section */

/* Begin PBXVariantGroup section */
		450B2B9522B0FF080011724C /* Main.storyboard */ = {
			isa = PBXVariantGroup;
			children = (
				450B2B9622B0FF080011724C /* Base */,
			);
			name = Main.storyboard;
			sourceTree = "<group>";
		};
		450B2B9A22B0FF090011724C /* LaunchScreen.storyboard */ = {
			isa = PBXVariantGroup;
			children = (
				450B2B9B22B0FF090011724C /* Base */,
			);
			name = LaunchScreen.storyboard;
			sourceTree = "<group>";
		};
/* End PBXVariantGroup section */

/* Begin XCBuildConfiguration section */
		450B2B9E22B0FF090011724C /* Debug */ = {
			isa = XCBuildConfiguration;
			buildSettings = {
				ALWAYS_SEARCH_USER_PATHS = NO;
				CLANG_ANALYZER_NONNULL = YES;
				CLANG_ANALYZER_NUMBER_OBJECT_CONVERSION = YES_AGGRESSIVE;
				CLANG_CXX_LANGUAGE_STANDARD = "gnu++14";
				CLANG_CXX_LIBRARY = "libc++";
				CLANG_ENABLE_MODULES = YES;
				CLANG_ENABLE_OBJC_ARC = YES;
				CLANG_ENABLE_OBJC_WEAK = YES;
				CLANG_WARN_BLOCK_CAPTURE_AUTORELEASING = YES;
				CLANG_WARN_BOOL_CONVERSION = YES;
				CLANG_WARN_COMMA = YES;
				CLANG_WARN_CONSTANT_CONVERSION = YES;
				CLANG_WARN_DEPRECATED_OBJC_IMPLEMENTATIONS = YES;
				CLANG_WARN_DIRECT_OBJC_ISA_USAGE = YES_ERROR;
				CLANG_WARN_DOCUMENTATION_COMMENTS = YES;
				CLANG_WARN_EMPTY_BODY = YES;
				CLANG_WARN_ENUM_CONVERSION = YES;
				CLANG_WARN_INFINITE_RECURSION = YES;
				CLANG_WARN_INT_CONVERSION = YES;
				CLANG_WARN_NON_LITERAL_NULL_CONVERSION = YES;
				CLANG_WARN_OBJC_IMPLICIT_RETAIN_SELF = YES;
				CLANG_WARN_OBJC_LITERAL_CONVERSION = YES;
				CLANG_WARN_OBJC_ROOT_CLASS = YES_ERROR;
				CLANG_WARN_RANGE_LOOP_ANALYSIS = YES;
				CLANG_WARN_STRICT_PROTOTYPES = YES;
				CLANG_WARN_SUSPICIOUS_MOVE = YES;
				CLANG_WARN_UNGUARDED_AVAILABILITY = YES_AGGRESSIVE;
				CLANG_WARN_UNREACHABLE_CODE = YES;
				CLANG_WARN__DUPLICATE_METHOD_MATCH = YES;
				CODE_SIGN_IDENTITY = "iPhone Developer";
				COPY_PHASE_STRIP = NO;
				DEBUG_INFORMATION_FORMAT = dwarf;
				ENABLE_STRICT_OBJC_MSGSEND = YES;
				ENABLE_TESTABILITY = YES;
				GCC_C_LANGUAGE_STANDARD = gnu11;
				GCC_DYNAMIC_NO_PIC = NO;
				GCC_NO_COMMON_BLOCKS = YES;
				GCC_OPTIMIZATION_LEVEL = 0;
				GCC_PREPROCESSOR_DEFINITIONS = (
					"DEBUG=1",
					"$(inherited)",
				);
				GCC_WARN_64_TO_32_BIT_CONVERSION = YES;
				GCC_WARN_ABOUT_RETURN_TYPE = YES_ERROR;
				GCC_WARN_UNDECLARED_SELECTOR = YES;
				GCC_WARN_UNINITIALIZED_AUTOS = YES_AGGRESSIVE;
				GCC_WARN_UNUSED_FUNCTION = YES;
				GCC_WARN_UNUSED_VARIABLE = YES;
				IPHONEOS_DEPLOYMENT_TARGET = 12.2;
				MTL_ENABLE_DEBUG_INFO = INCLUDE_SOURCE;
				MTL_FAST_MATH = YES;
				ONLY_ACTIVE_ARCH = YES;
				SDKROOT = iphoneos;
				SWIFT_ACTIVE_COMPILATION_CONDITIONS = DEBUG;
				SWIFT_OPTIMIZATION_LEVEL = "-Onone";
			};
			name = Debug;
		};
		450B2B9F22B0FF090011724C /* Release */ = {
			isa = XCBuildConfiguration;
			buildSettings = {
				ALWAYS_SEARCH_USER_PATHS = NO;
				CLANG_ANALYZER_NONNULL = YES;
				CLANG_ANALYZER_NUMBER_OBJECT_CONVERSION = YES_AGGRESSIVE;
				CLANG_CXX_LANGUAGE_STANDARD = "gnu++14";
				CLANG_CXX_LIBRARY = "libc++";
				CLANG_ENABLE_MODULES = YES;
				CLANG_ENABLE_OBJC_ARC = YES;
				CLANG_ENABLE_OBJC_WEAK = YES;
				CLANG_WARN_BLOCK_CAPTURE_AUTORELEASING = YES;
				CLANG_WARN_BOOL_CONVERSION = YES;
				CLANG_WARN_COMMA = YES;
				CLANG_WARN_CONSTANT_CONVERSION = YES;
				CLANG_WARN_DEPRECATED_OBJC_IMPLEMENTATIONS = YES;
				CLANG_WARN_DIRECT_OBJC_ISA_USAGE = YES_ERROR;
				CLANG_WARN_DOCUMENTATION_COMMENTS = YES;
				CLANG_WARN_EMPTY_BODY = YES;
				CLANG_WARN_ENUM_CONVERSION = YES;
				CLANG_WARN_INFINITE_RECURSION = YES;
				CLANG_WARN_INT_CONVERSION = YES;
				CLANG_WARN_NON_LITERAL_NULL_CONVERSION = YES;
				CLANG_WARN_OBJC_IMPLICIT_RETAIN_SELF = YES;
				CLANG_WARN_OBJC_LITERAL_CONVERSION = YES;
				CLANG_WARN_OBJC_ROOT_CLASS = YES_ERROR;
				CLANG_WARN_RANGE_LOOP_ANALYSIS = YES;
				CLANG_WARN_STRICT_PROTOTYPES = YES;
				CLANG_WARN_SUSPICIOUS_MOVE = YES;
				CLANG_WARN_UNGUARDED_AVAILABILITY = YES_AGGRESSIVE;
				CLANG_WARN_UNREACHABLE_CODE = YES;
				CLANG_WARN__DUPLICATE_METHOD_MATCH = YES;
				CODE_SIGN_IDENTITY = "iPhone Developer";
				COPY_PHASE_STRIP = NO;
				DEBUG_INFORMATION_FORMAT = "dwarf-with-dsym";
				ENABLE_NS_ASSERTIONS = NO;
				ENABLE_STRICT_OBJC_MSGSEND = YES;
				GCC_C_LANGUAGE_STANDARD = gnu11;
				GCC_NO_COMMON_BLOCKS = YES;
				GCC_WARN_64_TO_32_BIT_CONVERSION = YES;
				GCC_WARN_ABOUT_RETURN_TYPE = YES_ERROR;
				GCC_WARN_UNDECLARED_SELECTOR = YES;
				GCC_WARN_UNINITIALIZED_AUTOS = YES_AGGRESSIVE;
				GCC_WARN_UNUSED_FUNCTION = YES;
				GCC_WARN_UNUSED_VARIABLE = YES;
				IPHONEOS_DEPLOYMENT_TARGET = 12.2;
				MTL_ENABLE_DEBUG_INFO = NO;
				MTL_FAST_MATH = YES;
				SDKROOT = iphoneos;
				SWIFT_COMPILATION_MODE = wholemodule;
				SWIFT_OPTIMIZATION_LEVEL = "-O";
				VALIDATE_PRODUCT = YES;
			};
			name = Release;
		};
		450B2BA122B0FF090011724C /* Debug */ = {
			isa = XCBuildConfiguration;
			buildSettings = {
				ASSETCATALOG_COMPILER_APPICON_NAME = AppIcon;
				CODE_SIGN_STYLE = Automatic;
				INFOPLIST_FILE = finale/Info.plist;
				LD_RUNPATH_SEARCH_PATHS = (
					"$(inherited)",
					"@executable_path/Frameworks",
				);
				PRODUCT_BUNDLE_IDENTIFIER = jackliu.finale;
				PRODUCT_NAME = "$(TARGET_NAME)";
				SWIFT_VERSION = 5.0;
				TARGETED_DEVICE_FAMILY = "1,2";
			};
			name = Debug;
		};
		450B2BA222B0FF090011724C /* Release */ = {
			isa = XCBuildConfiguration;
			buildSettings = {
				ASSETCATALOG_COMPILER_APPICON_NAME = AppIcon;
				CODE_SIGN_STYLE = Automatic;
				INFOPLIST_FILE = finale/Info.plist;
				LD_RUNPATH_SEARCH_PATHS = (
					"$(inherited)",
					"@executable_path/Frameworks",
				);
				PRODUCT_BUNDLE_IDENTIFIER = jackliu.finale;
				PRODUCT_NAME = "$(TARGET_NAME)";
				SWIFT_VERSION = 5.0;
				TARGETED_DEVICE_FAMILY = "1,2";
			};
			name = Release;
		};
/* End XCBuildConfiguration section */

/* Begin XCConfigurationList section */
		450B2B8922B0FF080011724C /* Build configuration list for PBXProject "finale" */ = {
			isa = XCConfigurationList;
			buildConfigurations = (
				450B2B9E22B0FF090011724C /* Debug */,
				450B2B9F22B0FF090011724C /* Release */,
			);
			defaultConfigurationIsVisible = 0;
			defaultConfigurationName = Release;
		};
		450B2BA022B0FF090011724C /* Build configuration list for PBXNativeTarget "finale" */ = {
			isa = XCConfigurationList;
			buildConfigurations = (
				450B2BA122B0FF090011724C /* Debug */,
				450B2BA222B0FF090011724C /* Release */,
			);
			defaultConfigurationIsVisible = 0;
			defaultConfigurationName = Release;
		};
/* End XCConfigurationList section */
	};
	rootObject = 450B2B8622B0FF080011724C /* Project object */;
}
